
Microsoft Visual Studio Solution File, Format Version 12.00
# Visual Studio 15
VisualStudioVersion = 15.0.26124.0
MinimumVisualStudioVersion = 15.0.26124.0
Project("{2150E333-8FDC-42A3-9474-1A3956D46DE8}") = "src", "src", "{67477874-D232-4FED-BD2C-DD7C904585CE}"
EndProject
Project("{FAE04EC0-301F-11D3-BF4B-00C04F79EFBC}") = "PalTracker", "src\PalTracker\PalTracker.csproj", "{E53CD3B1-376E-40AD-88B8-F0454F8595D6}"
EndProject
Project("{2150E333-8FDC-42A3-9474-1A3956D46DE8}") = "test", "test", "{20316EA2-0A07-46C1-8920-127D5A2CA1A7}"
EndProject
Project("{FAE04EC0-301F-11D3-BF4B-00C04F79EFBC}") = "PalTrackerTests", "test\PalTrackerTests\PalTrackerTests.csproj", "{748364ED-FE08-406B-BC35-A6512166A458}"
EndProject
Global
	GlobalSection(SolutionConfigurationPlatforms) = preSolution
		Debug|Any CPU = Debug|Any CPU
		Debug|x64 = Debug|x64
		Debug|x86 = Debug|x86
		Release|Any CPU = Release|Any CPU
		Release|x64 = Release|x64
		Release|x86 = Release|x86
	EndGlobalSection
	GlobalSection(SolutionProperties) = preSolution
		HideSolutionNode = FALSE
	EndGlobalSection
	GlobalSection(ProjectConfigurationPlatforms) = postSolution
		{E53CD3B1-376E-40AD-88B8-F0454F8595D6}.Debug|Any CPU.ActiveCfg = Debug|Any CPU
		{E53CD3B1-376E-40AD-88B8-F0454F8595D6}.Debug|Any CPU.Build.0 = Debug|Any CPU
		{E53CD3B1-376E-40AD-88B8-F0454F8595D6}.Debug|x64.ActiveCfg = Debug|Any CPU
		{E53CD3B1-376E-40AD-88B8-F0454F8595D6}.Debug|x64.Build.0 = Debug|Any CPU
		{E53CD3B1-376E-40AD-88B8-F0454F8595D6}.Debug|x86.ActiveCfg = Debug|Any CPU
		{E53CD3B1-376E-40AD-88B8-F0454F8595D6}.Debug|x86.Build.0 = Debug|Any CPU
		{E53CD3B1-376E-40AD-88B8-F0454F8595D6}.Release|Any CPU.ActiveCfg = Release|Any CPU
		{E53CD3B1-376E-40AD-88B8-F0454F8595D6}.Release|Any CPU.Build.0 = Release|Any CPU
		{E53CD3B1-376E-40AD-88B8-F0454F8595D6}.Release|x64.ActiveCfg = Release|Any CPU
		{E53CD3B1-376E-40AD-88B8-F0454F8595D6}.Release|x64.Build.0 = Release|Any CPU
		{E53CD3B1-376E-40AD-88B8-F0454F8595D6}.Release|x86.ActiveCfg = Release|Any CPU
		{E53CD3B1-376E-40AD-88B8-F0454F8595D6}.Release|x86.Build.0 = Release|Any CPU
		{748364ED-FE08-406B-BC35-A6512166A458}.Debug|Any CPU.ActiveCfg = Debug|Any CPU
		{748364ED-FE08-406B-BC35-A6512166A458}.Debug|Any CPU.Build.0 = Debug|Any CPU
		{748364ED-FE08-406B-BC35-A6512166A458}.Debug|x64.ActiveCfg = Debug|Any CPU
		{748364ED-FE08-406B-BC35-A6512166A458}.Debug|x64.Build.0 = Debug|Any CPU
		{748364ED-FE08-406B-BC35-A6512166A458}.Debug|x86.ActiveCfg = Debug|Any CPU
		{748364ED-FE08-406B-BC35-A6512166A458}.Debug|x86.Build.0 = Debug|Any CPU
		{748364ED-FE08-406B-BC35-A6512166A458}.Release|Any CPU.ActiveCfg = Release|Any CPU
		{748364ED-FE08-406B-BC35-A6512166A458}.Release|Any CPU.Build.0 = Release|Any CPU
		{748364ED-FE08-406B-BC35-A6512166A458}.Release|x64.ActiveCfg = Release|Any CPU
		{748364ED-FE08-406B-BC35-A6512166A458}.Release|x64.Build.0 = Release|Any CPU
		{748364ED-FE08-406B-BC35-A6512166A458}.Release|x86.ActiveCfg = Release|Any CPU
		{748364ED-FE08-406B-BC35-A6512166A458}.Release|x86.Build.0 = Release|Any CPU
	EndGlobalSection
	GlobalSection(NestedProjects) = preSolution
		{E53CD3B1-376E-40AD-88B8-F0454F8595D6} = {67477874-D232-4FED-BD2C-DD7C904585CE}
		{748364ED-FE08-406B-BC35-A6512166A458} = {20316EA2-0A07-46C1-8920-127D5A2CA1A7}
	EndGlobalSection
EndGlobal
